<?xml version="1.0" encoding="utf-8"?>
<Project ToolsVersion="4.0" xmlns="http://schemas.microsoft.com/developer/msbuild/2003">
  <ItemGroup>
    <Filter Include="Source Files">
      <UniqueIdentifier>{4FC737F1-C7A5-4376-A066-2A32D752A2FF}</UniqueIdentifier>
      <Extensions>cpp;c;cc;cxx;def;odl;idl;hpj;bat;asm;asmx</Extensions>
    </Filter>
    <Filter Include="Header Files">
      <UniqueIdentifier>{93995380-89BD-4b04-88EB-625FBE52EBFB}</UniqueIdentifier>
      <Extensions>h;hh;hpp;hxx;hm;inl;inc;xsd</Extensions>
    </Filter>
    <Filter Include="Resource Files">
      <UniqueIdentifier>{67DA6AB6-F800-4c08-8B7A-83BB121AAD01}</UniqueIdentifier>
      <Extensions>rc;ico;cur;bmp;dlg;rc2;rct;bin;rgs;gif;jpg;jpeg;jpe;resx;tiff;tif;png;wav;mfcribbon-ms</Extensions>
    </Filter>
    <Filter Include="Header Files\Games">
      <UniqueIdentifier>{d17f8bab-4d02-4ffa-a31d-a59741806f42}</UniqueIdentifier>
    </Filter>
    <Filter Include="Source Files\Games">
      <UniqueIdentifier>{d838c718-68c7-46d7-9e68-994997e0bdec}</UniqueIdentifier>
    </Filter>
  </ItemGroup>
  <ItemGroup>
    <Text Include="ReadMe.txt" />
  </ItemGroup>
  <ItemGroup>
    <ClInclude Include="stdafx.h">
      <Filter>Header Files</Filter>
    </ClInclude>
    <ClInclude Include="targetver.h">
      <Filter>Header Files</Filter>
    </ClInclude>
    <ClInclude Include="ClassifyCard.h">
      <Filter>Header Files</Filter>
    </ClInclude>
    <ClInclude Include="GameAnalytics.h">
      <Filter>Header Files</Filter>
    </ClInclude>
    <ClInclude Include="ClicksHooks.h">
      <Filter>Header Files</Filter>
    </ClInclude>
    <ClInclude Include="ExtractCards.h">
      <Filter>Header Files</Filter>
    </ClInclude>
    <ClInclude Include="DatabaseService.h">
      <Filter>Header Files</Filter>
    </ClInclude>
    <ClInclude Include="Game.h">
      <Filter>Header Files\Games</Filter>
    </ClInclude>
    <ClInclude Include="KlondikeGame.h">
      <Filter>Header Files\Games</Filter>
    </ClInclude>
    <ClInclude Include="Globals.h">
      <Filter>Header Files</Filter>
    </ClInclude>
    <ClInclude Include="test.h">
      <Filter>Header Files</Filter>
    </ClInclude>
    <ClInclude Include="FreecellGame.h">
      <Filter>Header Files\Games</Filter>
    </ClInclude>
    <ClInclude Include="Card.h">
      <Filter>Header Files</Filter>
    </ClInclude>
    <ClInclude Include="CardLocation.h">
      <Filter>Header Files</Filter>
    </ClInclude>
    <ClInclude Include="ScreenCaptureService.h">
      <Filter>Header Files</Filter>
    </ClInclude>
    <ClInclude Include="myOpencvFunctions.h">
      <Filter>Header Files</Filter>
    </ClInclude>
    <ClInclude Include="ExtractButtonsAndLabels.h">
      <Filter>Header Files</Filter>
    </ClInclude>
    <ClInclude Include="Click.h">
      <Filter>Header Files</Filter>
    </ClInclude>
  </ItemGroup>
  <ItemGroup>
    <ClCompile Include="stdafx.cpp">
      <Filter>Source Files</Filter>
    </ClCompile>
    <ClCompile Include="ClassifyCard.cpp">
      <Filter>Source Files</Filter>
    </ClCompile>
    <ClCompile Include="GameAnalytics.cpp">
      <Filter>Source Files</Filter>
    </ClCompile>
    <ClCompile Include="ClicksHooks.cpp">
      <Filter>Source Files</Filter>
    </ClCompile>
    <ClCompile Include="ExtractCards.cpp">
      <Filter>Source Files</Filter>
    </ClCompile>
    <ClCompile Include="DatabaseService.cpp">
      <Filter>Source Files</Filter>
    </ClCompile>
    <ClCompile Include="Game.cpp">
      <Filter>Source Files\Games</Filter>
    </ClCompile>
    <ClCompile Include="KlondikeGame.cpp">
      <Filter>Source Files\Games</Filter>
    </ClCompile>
    <ClCompile Include="ScreenCaptureService.cpp">
      <Filter>Source Files</Filter>
    </ClCompile>
    <ClCompile Include="test.cpp">
      <Filter>Source Files</Filter>
    </ClCompile>
    <ClCompile Include="CardLocation.cpp">
      <Filter>Source Files</Filter>
    </ClCompile>
    <ClCompile Include="FreecellGame.cpp">
      <Filter>Source Files\Games</Filter>
    </ClCompile>
    <ClCompile Include="Card.cpp">
      <Filter>Source Files</Filter>
    </ClCompile>
    <ClCompile Include="myOpencvFunctions.cpp">
      <Filter>Source Files</Filter>
    </ClCompile>
    <ClCompile Include="ExtractButtonsAndLabels.cpp">
      <Filter>Source Files</Filter>
    </ClCompile>
    <ClCompile Include="Click.cpp">
      <Filter>Source Files</Filter>
    </ClCompile>
  </ItemGroup>
  <ItemGroup>
    <None Include="ClassDiagram.cd" />
  </ItemGroup>
</Project>